{
  "name": "geofs-scripts",
  "version": "1.0.0",
  "lockfileVersion": 3,
  "requires": true,
  "packages": {
    "": {
      "name": "geofs-scripts",
      "version": "1.0.0",
      "license": "ISC",
      "dependencies": {
        "@geps/geofs-types": "^1.0.1"
      }
    },
    "node_modules/@geps/geofs-types": {
      "version": "1.0.1",
      "resolved": "https://registry.npmjs.org/@geps/geofs-types/-/geofs-types-1.0.1.tgz",
      "integrity": "sha512-3vDnpbdlKHe6dB35bReIbptciuwkvRU5NdFEipVKVEgHNlOMjrVnl2PtYdsWCIZVIfezZnusBMC7ReIU25mY4w==",
      "license": "MIT",
      "dependencies": {
        "@types/jquery": "3.5.14",
        "@types/leaflet": "1.7.9",
        "cesium": "1.91.0"
      }
    },
    "node_modules/@types/geojson": {
      "version": "7946.0.14",
      "resolved": "https://registry.npmjs.org/@types/geojson/-/geojson-7946.0.14.tgz",
      "integrity": "sha512-WCfD5Ht3ZesJUsONdhvm84dmzWOiOzOAqOncN0++w0lBw1o8OuDNJF2McvvCef/yBqb/HYRahp1BYtODFQ8bRg==",
      "license": "MIT"
    },
    "node_modules/@types/jquery": {
      "version": "3.5.14",
      "resolved": "https://registry.npmjs.org/@types/jquery/-/jquery-3.5.14.tgz",
      "integrity": "sha512-X1gtMRMbziVQkErhTQmSe2jFwwENA/Zr+PprCkF63vFq+Yt5PZ4AlKqgmeNlwgn7dhsXEK888eIW2520EpC+xg==",
      "license": "MIT",
      "dependencies": {
        "@types/sizzle": "*"
      }
    },
    "node_modules/@types/leaflet": {
      "version": "1.7.9",
      "resolved": "https://registry.npmjs.org/@types/leaflet/-/leaflet-1.7.9.tgz",
      "integrity": "sha512-H8vPgD49HKzqM41ArHGZM70g/tfhp8W+JcPxfnF+5H/Xvp+xiP+KQOUNWU8U89fqS1Jj3cpRY/+nbnaHFzwnFA==",
      "license": "MIT",
      "dependencies": {
        "@types/geojson": "*"
      }
    },
    "node_modules/@types/sizzle": {
      "version": "2.3.8",
      "resolved": "https://registry.npmjs.org/@types/sizzle/-/sizzle-2.3.8.tgz",
      "integrity": "sha512-0vWLNK2D5MT9dg0iOo8GlKguPAU02QjmZitPEsXRuJXU/OGIOt9vT9Fc26wtYuavLxtO45v9PGleoL9Z0k1LHg==",
      "license": "MIT"
    },
    "node_modules/cesium": {
      "version": "1.91.0",
      "resolved": "https://registry.npmjs.org/cesium/-/cesium-1.91.0.tgz",
      "integrity": "sha512-HCwwYq7+qqB8c9ydz51luX1KP/apMiMVA8UAu8C7V2SOANUjOZQSi3CcXAtXXn1oUZQDrJlBs6sBT9nt0zRRLg==",
      "license": "Apache-2.0"
    }
  }
}
